
Microsoft Visual Studio Solution File, Format Version 12.00
# Visual Studio Version 16
VisualStudioVersion = 16.0.31702.278
MinimumVisualStudioVersion = 10.0.40219.1
Project("{9A19103F-16F7-4668-BE54-9A1E7A4F7556}") = "MinhasColecoes.Client", "Client\MinhasColecoes.Client.csproj", "{75ED1F64-60A4-4D84-8F88-EDD01EFE4CCB}"
EndProject
Project("{9A19103F-16F7-4668-BE54-9A1E7A4F7556}") = "MinhasColecoes.Shared", "Shared\MinhasColecoes.Shared.csproj", "{09C110DE-DEEE-4AB5-8D98-98F486676132}"
EndProject
Global
	GlobalSection(SolutionConfigurationPlatforms) = preSolution
		Debug|Any CPU = Debug|Any CPU
		Release|Any CPU = Release|Any CPU
	EndGlobalSection
	GlobalSection(ProjectConfigurationPlatforms) = postSolution
		{75ED1F64-60A4-4D84-8F88-EDD01EFE4CCB}.Debug|Any CPU.ActiveCfg = Debug|Any CPU
		{75ED1F64-60A4-4D84-8F88-EDD01EFE4CCB}.Debug|Any CPU.Build.0 = Debug|Any CPU
		{75ED1F64-60A4-4D84-8F88-EDD01EFE4CCB}.Release|Any CPU.ActiveCfg = Release|Any CPU
		{75ED1F64-60A4-4D84-8F88-EDD01EFE4CCB}.Release|Any CPU.Build.0 = Release|Any CPU
		{09C110DE-DEEE-4AB5-8D98-98F486676132}.Debug|Any CPU.ActiveCfg = Debug|Any CPU
		{09C110DE-DEEE-4AB5-8D98-98F486676132}.Debug|Any CPU.Build.0 = Debug|Any CPU
		{09C110DE-DEEE-4AB5-8D98-98F486676132}.Release|Any CPU.ActiveCfg = Release|Any CPU
		{09C110DE-DEEE-4AB5-8D98-98F486676132}.Release|Any CPU.Build.0 = Release|Any CPU
	EndGlobalSection
	GlobalSection(SolutionProperties) = preSolution
		HideSolutionNode = FALSE
	EndGlobalSection
	GlobalSection(ExtensibilityGlobals) = postSolution
		SolutionGuid = {55A11D66-C6E0-43D9-948D-D27890B68BD5}
	EndGlobalSection
EndGlobal
